// !$*UTF8*$!
{
	archiveVersion = 1;
	classes = {
	};
	objectVersion = 46;
	objects = {

/* Begin PBXBuildFile section */
		49BABDC81A1FF60A00D900B7 /* AppDelegate.swift in Sources */ = {isa = PBXBuildFile; fileRef = 49BABDC71A1FF60A00D900B7 /* AppDelegate.swift */; };
		49BABDCD1A1FF60A00D900B7 /* Main.storyboard in Resources */ = {isa = PBXBuildFile; fileRef = 49BABDCB1A1FF60A00D900B7 /* Main.storyboard */; };
		49BABDCF1A1FF60A00D900B7 /* Images.xcassets in Resources */ = {isa = PBXBuildFile; fileRef = 49BABDCE1A1FF60A00D900B7 /* Images.xcassets */; };
		49BABDD21A1FF60A00D900B7 /* LaunchScreen.xib in Resources */ = {isa = PBXBuildFile; fileRef = 49BABDD01A1FF60A00D900B7 /* LaunchScreen.xib */; };
		49BABDDE1A1FF60A00D900B7 /* TimeTableTests.swift in Sources */ = {isa = PBXBuildFile; fileRef = 49BABDDD1A1FF60A00D900B7 /* TimeTableTests.swift */; };
		49BABDEE1A1FF61C00D900B7 /* WatchKit.framework in Frameworks */ = {isa = PBXBuildFile; fileRef = 49BABDED1A1FF61C00D900B7 /* WatchKit.framework */; };
		49BABDF41A1FF61C00D900B7 /* InterfaceController.swift in Sources */ = {isa = PBXBuildFile; fileRef = 49BABDF31A1FF61C00D900B7 /* InterfaceController.swift */; };
		49BABDF61A1FF61C00D900B7 /* NotificationController.swift in Sources */ = {isa = PBXBuildFile; fileRef = 49BABDF51A1FF61C00D900B7 /* NotificationController.swift */; };
		49BABDF81A1FF61C00D900B7 /* GlanceController.swift in Sources */ = {isa = PBXBuildFile; fileRef = 49BABDF71A1FF61C00D900B7 /* GlanceController.swift */; };
		49BABDFA1A1FF61C00D900B7 /* Images.xcassets in Resources */ = {isa = PBXBuildFile; fileRef = 49BABDF91A1FF61C00D900B7 /* Images.xcassets */; };
		49BABDFE1A1FF61D00D900B7 /* TimeTable Watch App.app in Resources */ = {isa = PBXBuildFile; fileRef = 49BABDFD1A1FF61C00D900B7 /* TimeTable Watch App.app */; };
		49BABE051A1FF61D00D900B7 /* Interface.storyboard in Resources */ = {isa = PBXBuildFile; fileRef = 49BABE041A1FF61D00D900B7 /* Interface.storyboard */; };
		49BABE071A1FF61D00D900B7 /* Images.xcassets in Resources */ = {isa = PBXBuildFile; fileRef = 49BABE061A1FF61D00D900B7 /* Images.xcassets */; };
		49BABE0A1A1FF61D00D900B7 /* TimeTable WatchKit Extension.appex in Embed App Extensions */ = {isa = PBXBuildFile; fileRef = 49BABDEB1A1FF61C00D900B7 /* TimeTable WatchKit Extension.appex */; settings = {ATTRIBUTES = (RemoveHeadersOnCopy, ); }; };
		49BABE131A1FF64200D900B7 /* RowController.swift in Sources */ = {isa = PBXBuildFile; fileRef = 49BABE121A1FF64200D900B7 /* RowController.swift */; };
		49BABE151A1FF86E00D900B7 /* ScheduleTableViewController.swift in Sources */ = {isa = PBXBuildFile; fileRef = 49BABE141A1FF86E00D900B7 /* ScheduleTableViewController.swift */; };
/* End PBXBuildFile section */

/* Begin PBXContainerItemProxy section */
		49BABDD81A1FF60A00D900B7 /* PBXContainerItemProxy */ = {
			isa = PBXContainerItemProxy;
			containerPortal = 49BABDBA1A1FF60A00D900B7 /* Project object */;
			proxyType = 1;
			remoteGlobalIDString = 49BABDC11A1FF60A00D900B7;
			remoteInfo = TimeTable;
		};
		49BABDFF1A1FF61D00D900B7 /* PBXContainerItemProxy */ = {
			isa = PBXContainerItemProxy;
			containerPortal = 49BABDBA1A1FF60A00D900B7 /* Project object */;
			proxyType = 1;
			remoteGlobalIDString = 49BABDFC1A1FF61C00D900B7;
			remoteInfo = "TimeTable Watch App";
		};
		49BABE081A1FF61D00D900B7 /* PBXContainerItemProxy */ = {
			isa = PBXContainerItemProxy;
			containerPortal = 49BABDBA1A1FF60A00D900B7 /* Project object */;
			proxyType = 1;
			remoteGlobalIDString = 49BABDEA1A1FF61C00D900B7;
			remoteInfo = "TimeTable WatchKit Extension";
		};
/* End PBXContainerItemProxy section */

/* Begin PBXCopyFilesBuildPhase section */
		49BABE111A1FF61D00D900B7 /* Embed App Extensions */ = {
			isa = PBXCopyFilesBuildPhase;
			buildActionMask = 2147483647;
			dstPath = "";
			dstSubfolderSpec = 13;
			files = (
				49BABE0A1A1FF61D00D900B7 /* TimeTable WatchKit Extension.appex in Embed App Extensions */,
			);
			name = "Embed App Extensions";
			runOnlyForDeploymentPostprocessing = 0;
		};
/* End PBXCopyFilesBuildPhase section */

/* Begin PBXFileReference section */
		49BABDC21A1FF60A00D900B7 /* TimeTable.app */ = {isa = PBXFileReference; explicitFileType = wrapper.application; includeInIndex = 0; path = TimeTable.app; sourceTree = BUILT_PRODUCTS_DIR; };
		49BABDC61A1FF60A00D900B7 /* Info.plist */ = {isa = PBXFileReference; lastKnownFileType = text.plist.xml; path = Info.plist; sourceTree = "<group>"; };
		49BABDC71A1FF60A00D900B7 /* AppDelegate.swift */ = {isa = PBXFileReference; lastKnownFileType = sourcecode.swift; path = AppDelegate.swift; sourceTree = "<group>"; };
		49BABDCC1A1FF60A00D900B7 /* Base */ = {isa = PBXFileReference; lastKnownFileType = file.storyboard; name = Base; path = Base.lproj/Main.storyboard; sourceTree = "<group>"; };
		49BABDCE1A1FF60A00D900B7 /* Images.xcassets */ = {isa = PBXFileReference; lastKnownFileType = folder.assetcatalog; path = Images.xcassets; sourceTree = "<group>"; };
		49BABDD11A1FF60A00D900B7 /* Base */ = {isa = PBXFileReference; lastKnownFileType = file.xib; name = Base; path = Base.lproj/LaunchScreen.xib; sourceTree = "<group>"; };
		49BABDD71A1FF60A00D900B7 /* TimeTableTests.xctest */ = {isa = PBXFileReference; explicitFileType = wrapper.cfbundle; includeInIndex = 0; path = TimeTableTests.xctest; sourceTree = BUILT_PRODUCTS_DIR; };
		49BABDDC1A1FF60A00D900B7 /* Info.plist */ = {isa = PBXFileReference; lastKnownFileType = text.plist.xml; path = Info.plist; sourceTree = "<group>"; };
		49BABDDD1A1FF60A00D900B7 /* TimeTableTests.swift */ = {isa = PBXFileReference; lastKnownFileType = sourcecode.swift; path = TimeTableTests.swift; sourceTree = "<group>"; };
		49BABDEB1A1FF61C00D900B7 /* TimeTable WatchKit Extension.appex */ = {isa = PBXFileReference; explicitFileType = "wrapper.app-extension"; includeInIndex = 0; path = "TimeTable WatchKit Extension.appex"; sourceTree = BUILT_PRODUCTS_DIR; };
		49BABDED1A1FF61C00D900B7 /* WatchKit.framework */ = {isa = PBXFileReference; lastKnownFileType = wrapper.framework; name = WatchKit.framework; path = System/Library/Frameworks/WatchKit.framework; sourceTree = SDKROOT; };
		49BABDF11A1FF61C00D900B7 /* Info.plist */ = {isa = PBXFileReference; lastKnownFileType = text.plist.xml; path = Info.plist; sourceTree = "<group>"; };
		49BABDF21A1FF61C00D900B7 /* PushNotificationPayload.json */ = {isa = PBXFileReference; lastKnownFileType = text.json; path = PushNotificationPayload.json; sourceTree = "<group>"; };
		49BABDF31A1FF61C00D900B7 /* InterfaceController.swift */ = {isa = PBXFileReference; lastKnownFileType = sourcecode.swift; path = InterfaceController.swift; sourceTree = "<group>"; };
		49BABDF51A1FF61C00D900B7 /* NotificationController.swift */ = {isa = PBXFileReference; lastKnownFileType = sourcecode.swift; path = NotificationController.swift; sourceTree = "<group>"; };
		49BABDF71A1FF61C00D900B7 /* GlanceController.swift */ = {isa = PBXFileReference; lastKnownFileType = sourcecode.swift; path = GlanceController.swift; sourceTree = "<group>"; };
		49BABDF91A1FF61C00D900B7 /* Images.xcassets */ = {isa = PBXFileReference; lastKnownFileType = folder.assetcatalog; path = Images.xcassets; sourceTree = "<group>"; };
		49BABDFD1A1FF61C00D900B7 /* TimeTable Watch App.app */ = {isa = PBXFileReference; explicitFileType = wrapper.application; includeInIndex = 0; path = "TimeTable Watch App.app"; sourceTree = BUILT_PRODUCTS_DIR; };
		49BABE031A1FF61D00D900B7 /* Info.plist */ = {isa = PBXFileReference; lastKnownFileType = text.plist.xml; path = Info.plist; sourceTree = "<group>"; };
		49BABE041A1FF61D00D900B7 /* Interface.storyboard */ = {isa = PBXFileReference; lastKnownFileType = file.storyboard; path = Interface.storyboard; sourceTree = "<group>"; };
		49BABE061A1FF61D00D900B7 /* Images.xcassets */ = {isa = PBXFileReference; lastKnownFileType = folder.assetcatalog; path = Images.xcassets; sourceTree = "<group>"; };
		49BABE121A1FF64200D900B7 /* RowController.swift */ = {isa = PBXFileReference; fileEncoding = 4; lastKnownFileType = sourcecode.swift; path = RowController.swift; sourceTree = "<group>"; };
		49BABE141A1FF86E00D900B7 /* ScheduleTableViewController.swift */ = {isa = PBXFileReference; fileEncoding = 4; lastKnownFileType = sourcecode.swift; path = ScheduleTableViewController.swift; sourceTree = "<group>"; };
/* End PBXFileReference section */

/* Begin PBXFrameworksBuildPhase section */
		49BABDBF1A1FF60A00D900B7 /* Frameworks */ = {
			isa = PBXFrameworksBuildPhase;
			buildActionMask = 2147483647;
			files = (
			);
			runOnlyForDeploymentPostprocessing = 0;
		};
		49BABDD41A1FF60A00D900B7 /* Frameworks */ = {
			isa = PBXFrameworksBuildPhase;
			buildActionMask = 2147483647;
			files = (
			);
			runOnlyForDeploymentPostprocessing = 0;
		};
		49BABDE81A1FF61C00D900B7 /* Frameworks */ = {
			isa = PBXFrameworksBuildPhase;
			buildActionMask = 2147483647;
			files = (
				49BABDEE1A1FF61C00D900B7 /* WatchKit.framework in Frameworks */,
			);
			runOnlyForDeploymentPostprocessing = 0;
		};
/* End PBXFrameworksBuildPhase section */

/* Begin PBXGroup section */
		49BABDB91A1FF60A00D900B7 = {
			isa = PBXGroup;
			children = (
				49BABDC41A1FF60A00D900B7 /* TimeTable */,
				49BABDDA1A1FF60A00D900B7 /* TimeTableTests */,
				49BABDEF1A1FF61C00D900B7 /* TimeTable WatchKit Extension */,
				49BABE011A1FF61D00D900B7 /* TimeTable Watch App */,
				49BABDEC1A1FF61C00D900B7 /* Frameworks */,
				49BABDC31A1FF60A00D900B7 /* Products */,
			);
			sourceTree = "<group>";
		};
		49BABDC31A1FF60A00D900B7 /* Products */ = {
			isa = PBXGroup;
			children = (
				49BABDC21A1FF60A00D900B7 /* TimeTable.app */,
				49BABDD71A1FF60A00D900B7 /* TimeTableTests.xctest */,
				49BABDEB1A1FF61C00D900B7 /* TimeTable WatchKit Extension.appex */,
				49BABDFD1A1FF61C00D900B7 /* TimeTable Watch App.app */,
			);
			name = Products;
			sourceTree = "<group>";
		};
		49BABDC41A1FF60A00D900B7 /* TimeTable */ = {
			isa = PBXGroup;
			children = (
				49BABDC71A1FF60A00D900B7 /* AppDelegate.swift */,
				49BABE141A1FF86E00D900B7 /* ScheduleTableViewController.swift */,
				49BABDCB1A1FF60A00D900B7 /* Main.storyboard */,
				49BABDCE1A1FF60A00D900B7 /* Images.xcassets */,
				49BABDD01A1FF60A00D900B7 /* LaunchScreen.xib */,
				49BABDC51A1FF60A00D900B7 /* Supporting Files */,
			);
			path = TimeTable;
			sourceTree = "<group>";
		};
		49BABDC51A1FF60A00D900B7 /* Supporting Files */ = {
			isa = PBXGroup;
			children = (
				49BABDC61A1FF60A00D900B7 /* Info.plist */,
			);
			name = "Supporting Files";
			sourceTree = "<group>";
		};
		49BABDDA1A1FF60A00D900B7 /* TimeTableTests */ = {
			isa = PBXGroup;
			children = (
				49BABDDD1A1FF60A00D900B7 /* TimeTableTests.swift */,
				49BABDDB1A1FF60A00D900B7 /* Supporting Files */,
			);
			path = TimeTableTests;
			sourceTree = "<group>";
		};
		49BABDDB1A1FF60A00D900B7 /* Supporting Files */ = {
			isa = PBXGroup;
			children = (
				49BABDDC1A1FF60A00D900B7 /* Info.plist */,
			);
			name = "Supporting Files";
			sourceTree = "<group>";
		};
		49BABDEC1A1FF61C00D900B7 /* Frameworks */ = {
			isa = PBXGroup;
			children = (
				49BABDED1A1FF61C00D900B7 /* WatchKit.framework */,
			);
			name = Frameworks;
			sourceTree = "<group>";
		};
		49BABDEF1A1FF61C00D900B7 /* TimeTable WatchKit Extension */ = {
			isa = PBXGroup;
			children = (
				49BABDF31A1FF61C00D900B7 /* InterfaceController.swift */,
				49BABE121A1FF64200D900B7 /* RowController.swift */,
				49BABDF51A1FF61C00D900B7 /* NotificationController.swift */,
				49BABDF71A1FF61C00D900B7 /* GlanceController.swift */,
				49BABDF91A1FF61C00D900B7 /* Images.xcassets */,
				49BABDF01A1FF61C00D900B7 /* Supporting Files */,
			);
			path = "TimeTable WatchKit Extension";
			sourceTree = "<group>";
		};
		49BABDF01A1FF61C00D900B7 /* Supporting Files */ = {
			isa = PBXGroup;
			children = (
				49BABDF11A1FF61C00D900B7 /* Info.plist */,
				49BABDF21A1FF61C00D900B7 /* PushNotificationPayload.json */,
			);
			name = "Supporting Files";
			sourceTree = "<group>";
		};
		49BABE011A1FF61D00D900B7 /* TimeTable Watch App */ = {
			isa = PBXGroup;
			children = (
				49BABE041A1FF61D00D900B7 /* Interface.storyboard */,
				49BABE061A1FF61D00D900B7 /* Images.xcassets */,
				49BABE021A1FF61D00D900B7 /* Supporting Files */,
			);
			path = "TimeTable Watch App";
			sourceTree = "<group>";
		};
		49BABE021A1FF61D00D900B7 /* Supporting Files */ = {
			isa = PBXGroup;
			children = (
				49BABE031A1FF61D00D900B7 /* Info.plist */,
			);
			name = "Supporting Files";
			sourceTree = "<group>";
		};
/* End PBXGroup section */

/* Begin PBXNativeTarget section */
		49BABDC11A1FF60A00D900B7 /* TimeTable */ = {
			isa = PBXNativeTarget;
			buildConfigurationList = 49BABDE11A1FF60A00D900B7 /* Build configuration list for PBXNativeTarget "TimeTable" */;
			buildPhases = (
				49BABDBE1A1FF60A00D900B7 /* Sources */,
				49BABDBF1A1FF60A00D900B7 /* Frameworks */,
				49BABDC01A1FF60A00D900B7 /* Resources */,
				49BABE111A1FF61D00D900B7 /* Embed App Extensions */,
			);
			buildRules = (
			);
			dependencies = (
				49BABE091A1FF61D00D900B7 /* PBXTargetDependency */,
			);
			name = TimeTable;
			productName = TimeTable;
			productReference = 49BABDC21A1FF60A00D900B7 /* TimeTable.app */;
			productType = "com.apple.product-type.application";
		};
		49BABDD61A1FF60A00D900B7 /* TimeTableTests */ = {
			isa = PBXNativeTarget;
			buildConfigurationList = 49BABDE41A1FF60A00D900B7 /* Build configuration list for PBXNativeTarget "TimeTableTests" */;
			buildPhases = (
				49BABDD31A1FF60A00D900B7 /* Sources */,
				49BABDD41A1FF60A00D900B7 /* Frameworks */,
				49BABDD51A1FF60A00D900B7 /* Resources */,
			);
			buildRules = (
			);
			dependencies = (
				49BABDD91A1FF60A00D900B7 /* PBXTargetDependency */,
			);
			name = TimeTableTests;
			productName = TimeTableTests;
			productReference = 49BABDD71A1FF60A00D900B7 /* TimeTableTests.xctest */;
			productType = "com.apple.product-type.bundle.unit-test";
		};
		49BABDEA1A1FF61C00D900B7 /* TimeTable WatchKit Extension */ = {
			isa = PBXNativeTarget;
			buildConfigurationList = 49BABE0E1A1FF61D00D900B7 /* Build configuration list for PBXNativeTarget "TimeTable WatchKit Extension" */;
			buildPhases = (
				49BABDE71A1FF61C00D900B7 /* Sources */,
				49BABDE81A1FF61C00D900B7 /* Frameworks */,
				49BABDE91A1FF61C00D900B7 /* Resources */,
			);
			buildRules = (
			);
			dependencies = (
				49BABE001A1FF61D00D900B7 /* PBXTargetDependency */,
			);
			name = "TimeTable WatchKit Extension";
			productName = "TimeTable WatchKit Extension";
			productReference = 49BABDEB1A1FF61C00D900B7 /* TimeTable WatchKit Extension.appex */;
			productType = "com.apple.product-type.watchkit-extension";
		};
		49BABDFC1A1FF61C00D900B7 /* TimeTable Watch App */ = {
			isa = PBXNativeTarget;
			buildConfigurationList = 49BABE0B1A1FF61D00D900B7 /* Build configuration list for PBXNativeTarget "TimeTable Watch App" */;
			buildPhases = (
				49BABDFB1A1FF61C00D900B7 /* Resources */,
			);
			buildRules = (
			);
			dependencies = (
			);
			name = "TimeTable Watch App";
			productName = "TimeTable Watch App";
			productReference = 49BABDFD1A1FF61C00D900B7 /* TimeTable Watch App.app */;
			productType = "com.apple.product-type.application.watchapp";
		};
/* End PBXNativeTarget section */

/* Begin PBXProject section */
		49BABDBA1A1FF60A00D900B7 /* Project object */ = {
			isa = PBXProject;
			attributes = {
				LastUpgradeCheck = 0620;
				ORGANIZATIONNAME = "Bas Broek";
				TargetAttributes = {
					49BABDC11A1FF60A00D900B7 = {
						CreatedOnToolsVersion = 6.2;
					};
					49BABDD61A1FF60A00D900B7 = {
						CreatedOnToolsVersion = 6.2;
						TestTargetID = 49BABDC11A1FF60A00D900B7;
					};
					49BABDEA1A1FF61C00D900B7 = {
						CreatedOnToolsVersion = 6.2;
					};
					49BABDFC1A1FF61C00D900B7 = {
						CreatedOnToolsVersion = 6.2;
					};
				};
			};
			buildConfigurationList = 49BABDBD1A1FF60A00D900B7 /* Build configuration list for PBXProject "TimeTable" */;
			compatibilityVersion = "Xcode 3.2";
			developmentRegion = English;
			hasScannedForEncodings = 0;
			knownRegions = (
				en,
				Base,
			);
			mainGroup = 49BABDB91A1FF60A00D900B7;
			productRefGroup = 49BABDC31A1FF60A00D900B7 /* Products */;
			projectDirPath = "";
			projectRoot = "";
			targets = (
				49BABDC11A1FF60A00D900B7 /* TimeTable */,
				49BABDD61A1FF60A00D900B7 /* TimeTableTests */,
				49BABDEA1A1FF61C00D900B7 /* TimeTable WatchKit Extension */,
				49BABDFC1A1FF61C00D900B7 /* TimeTable Watch App */,
			);
		};
/* End PBXProject section */

/* Begin PBXResourcesBuildPhase section */
		49BABDC01A1FF60A00D900B7 /* Resources */ = {
			isa = PBXResourcesBuildPhase;
			buildActionMask = 2147483647;
			files = (
				49BABDCD1A1FF60A00D900B7 /* Main.storyboard in Resources */,
				49BABDD21A1FF60A00D900B7 /* LaunchScreen.xib in Resources */,
				49BABDCF1A1FF60A00D900B7 /* Images.xcassets in Resources */,
			);
			runOnlyForDeploymentPostprocessing = 0;
		};
		49BABDD51A1FF60A00D900B7 /* Resources */ = {
			isa = PBXResourcesBuildPhase;
			buildActionMask = 2147483647;
			files = (
			);
			runOnlyForDeploymentPostprocessing = 0;
		};
		49BABDE91A1FF61C00D900B7 /* Resources */ = {
			isa = PBXResourcesBuildPhase;
			buildActionMask = 2147483647;
			files = (
				49BABDFA1A1FF61C00D900B7 /* Images.xcassets in Resources */,
				49BABDFE1A1FF61D00D900B7 /* TimeTable Watch App.app in Resources */,
			);
			runOnlyForDeploymentPostprocessing = 0;
		};
		49BABDFB1A1FF61C00D900B7 /* Resources */ = {
			isa = PBXResourcesBuildPhase;
			buildActionMask = 2147483647;
			files = (
				49BABE051A1FF61D00D900B7 /* Interface.storyboard in Resources */,
				49BABE071A1FF61D00D900B7 /* Images.xcassets in Resources */,
			);
			runOnlyForDeploymentPostprocessing = 0;
		};
/* End PBXResourcesBuildPhase section */

/* Begin PBXSourcesBuildPhase section */
		49BABDBE1A1FF60A00D900B7 /* Sources */ = {
			isa = PBXSourcesBuildPhase;
			buildActionMask = 2147483647;
			files = (
				49BABE151A1FF86E00D900B7 /* ScheduleTableViewController.swift in Sources */,
				49BABDC81A1FF60A00D900B7 /* AppDelegate.swift in Sources */,
			);
			runOnlyForDeploymentPostprocessing = 0;
		};
		49BABDD31A1FF60A00D900B7 /* Sources */ = {
			isa = PBXSourcesBuildPhase;
			buildActionMask = 2147483647;
			files = (
				49BABDDE1A1FF60A00D900B7 /* TimeTableTests.swift in Sources */,
			);
			runOnlyForDeploymentPostprocessing = 0;
		};
		49BABDE71A1FF61C00D900B7 /* Sources */ = {
			isa = PBXSourcesBuildPhase;
			buildActionMask = 2147483647;
			files = (
				49BABDF61A1FF61C00D900B7 /* NotificationController.swift in Sources */,
				49BABDF41A1FF61C00D900B7 /* InterfaceController.swift in Sources */,
				49BABE131A1FF64200D900B7 /* RowController.swift in Sources */,
				49BABDF81A1FF61C00D900B7 /* GlanceController.swift in Sources */,
			);
			runOnlyForDeploymentPostprocessing = 0;
		};
/* End PBXSourcesBuildPhase section */

/* Begin PBXTargetDependency section */
		49BABDD91A1FF60A00D900B7 /* PBXTargetDependency */ = {
			isa = PBXTargetDependency;
			target = 49BABDC11A1FF60A00D900B7 /* TimeTable */;
			targetProxy = 49BABDD81A1FF60A00D900B7 /* PBXContainerItemProxy */;
		};
		49BABE001A1FF61D00D900B7 /* PBXTargetDependency */ = {
			isa = PBXTargetDependency;
			target = 49BABDFC1A1FF61C00D900B7 /* TimeTable Watch App */;
			targetProxy = 49BABDFF1A1FF61D00D900B7 /* PBXContainerItemProxy */;
		};
		49BABE091A1FF61D00D900B7 /* PBXTargetDependency */ = {
			isa = PBXTargetDependency;
			target = 49BABDEA1A1FF61C00D900B7 /* TimeTable WatchKit Extension */;
			targetProxy = 49BABE081A1FF61D00D900B7 /* PBXContainerItemProxy */;
		};
/* End PBXTargetDependency section */

/* Begin PBXVariantGroup section */
		49BABDCB1A1FF60A00D900B7 /* Main.storyboard */ = {
			isa = PBXVariantGroup;
			children = (
				49BABDCC1A1FF60A00D900B7 /* Base */,
			);
			name = Main.storyboard;
			sourceTree = "<group>";
		};
		49BABDD01A1FF60A00D900B7 /* LaunchScreen.xib */ = {
			isa = PBXVariantGroup;
			children = (
				49BABDD11A1FF60A00D900B7 /* Base */,
			);
			name = LaunchScreen.xib;
			sourceTree = "<group>";
		};
/* End PBXVariantGroup section */

/* Begin XCBuildConfiguration section */
		49BABDDF1A1FF60A00D900B7 /* Debug */ = {
			isa = XCBuildConfiguration;
			buildSettings = {
				ALWAYS_SEARCH_USER_PATHS = NO;
				CLANG_CXX_LANGUAGE_STANDARD = "gnu++0x";
				CLANG_CXX_LIBRARY = "libc++";
				CLANG_ENABLE_MODULES = YES;
				CLANG_ENABLE_OBJC_ARC = YES;
				CLANG_WARN_BOOL_CONVERSION = YES;
				CLANG_WARN_CONSTANT_CONVERSION = YES;
				CLANG_WARN_DIRECT_OBJC_ISA_USAGE = YES_ERROR;
				CLANG_WARN_EMPTY_BODY = YES;
				CLANG_WARN_ENUM_CONVERSION = YES;
				CLANG_WARN_INT_CONVERSION = YES;
				CLANG_WARN_OBJC_ROOT_CLASS = YES_ERROR;
				CLANG_WARN_UNREACHABLE_CODE = YES;
				CLANG_WARN__DUPLICATE_METHOD_MATCH = YES;
				"CODE_SIGN_IDENTITY[sdk=iphoneos*]" = "iPhone Developer";
				COPY_PHASE_STRIP = NO;
				ENABLE_STRICT_OBJC_MSGSEND = YES;
				GCC_C_LANGUAGE_STANDARD = gnu99;
				GCC_DYNAMIC_NO_PIC = NO;
				GCC_OPTIMIZATION_LEVEL = 0;
				GCC_PREPROCESSOR_DEFINITIONS = (
					"DEBUG=1",
					"$(inherited)",
				);
				GCC_SYMBOLS_PRIVATE_EXTERN = NO;
				GCC_WARN_64_TO_32_BIT_CONVERSION = YES;
				GCC_WARN_ABOUT_RETURN_TYPE = YES_ERROR;
				GCC_WARN_UNDECLARED_SELECTOR = YES;
				GCC_WARN_UNINITIALIZED_AUTOS = YES_AGGRESSIVE;
				GCC_WARN_UNUSED_FUNCTION = YES;
				GCC_WARN_UNUSED_VARIABLE = YES;
				IPHONEOS_DEPLOYMENT_TARGET = 8.2;
				MTL_ENABLE_DEBUG_INFO = YES;
				ONLY_ACTIVE_ARCH = YES;
				SDKROOT = iphoneos;
				SWIFT_OPTIMIZATION_LEVEL = "-Onone";
			};
			name = Debug;
		};
		49BABDE01A1FF60A00D900B7 /* Release */ = {
			isa = XCBuildConfiguration;
			buildSettings = {
				ALWAYS_SEARCH_USER_PATHS = NO;
				CLANG_CXX_LANGUAGE_STANDARD = "gnu++0x";
				CLANG_CXX_LIBRARY = "libc++";
				CLANG_ENABLE_MODULES = YES;
				CLANG_ENABLE_OBJC_ARC = YES;
				CLANG_WARN_BOOL_CONVERSION = YES;
				CLANG_WARN_CONSTANT_CONVERSION = YES;
				CLANG_WARN_DIRECT_OBJC_ISA_USAGE = YES_ERROR;
				CLANG_WARN_EMPTY_BODY = YES;
				CLANG_WARN_ENUM_CONVERSION = YES;
				CLANG_WARN_INT_CONVERSION = YES;
				CLANG_WARN_OBJC_ROOT_CLASS = YES_ERROR;
				CLANG_WARN_UNREACHABLE_CODE = YES;
				CLANG_WARN__DUPLICATE_METHOD_MATCH = YES;
				"CODE_SIGN_IDENTITY[sdk=iphoneos*]" = "iPhone Developer";
				COPY_PHASE_STRIP = YES;
				ENABLE_NS_ASSERTIONS = NO;
				ENABLE_STRICT_OBJC_MSGSEND = YES;
				GCC_C_LANGUAGE_STANDARD = gnu99;
				GCC_WARN_64_TO_32_BIT_CONVERSION = YES;
				GCC_WARN_ABOUT_RETURN_TYPE = YES_ERROR;
				GCC_WARN_UNDECLARED_SELECTOR = YES;
				GCC_WARN_UNINITIALIZED_AUTOS = YES_AGGRESSIVE;
				GCC_WARN_UNUSED_FUNCTION = YES;
				GCC_WARN_UNUSED_VARIABLE = YES;
				IPHONEOS_DEPLOYMENT_TARGET = 8.2;
				MTL_ENABLE_DEBUG_INFO = NO;
				SDKROOT = iphoneos;
				VALIDATE_PRODUCT = YES;
			};
			name = Release;
		};
		49BABDE21A1FF60A00D900B7 /* Debug */ = {
			isa = XCBuildConfiguration;
			buildSettings = {
				ASSETCATALOG_COMPILER_APPICON_NAME = AppIcon;
				EMBEDDED_CONTENT_CONTAINS_SWIFT = YES;
				INFOPLIST_FILE = TimeTable/Info.plist;
				LD_RUNPATH_SEARCH_PATHS = "$(inherited) @executable_path/Frameworks";
				PRODUCT_NAME = "$(TARGET_NAME)";
			};
			name = Debug;
		};
		49BABDE31A1FF60A00D900B7 /* Release */ = {
			isa = XCBuildConfiguration;
			buildSettings = {
				ASSETCATALOG_COMPILER_APPICON_NAME = AppIcon;
				EMBEDDED_CONTENT_CONTAINS_SWIFT = YES;
				INFOPLIST_FILE = TimeTable/Info.plist;
				LD_RUNPATH_SEARCH_PATHS = "$(inherited) @executable_path/Frameworks";
				PRODUCT_NAME = "$(TARGET_NAME)";
			};
			name = Release;
		};
		49BABDE51A1FF60A00D900B7 /* Debug */ = {
			isa = XCBuildConfiguration;
			buildSettings = {
				BUNDLE_LOADER = "$(TEST_HOST)";
				FRAMEWORK_SEARCH_PATHS = (
					"$(SDKROOT)/Developer/Library/Frameworks",
					"$(inherited)",
				);
				GCC_PREPROCESSOR_DEFINITIONS = (
					"DEBUG=1",
					"$(inherited)",
				);
				INFOPLIST_FILE = TimeTableTests/Info.plist;
				LD_RUNPATH_SEARCH_PATHS = "$(inherited) @executable_path/Frameworks @loader_path/Frameworks";
				PRODUCT_NAME = "$(TARGET_NAME)";
				TEST_HOST = "$(BUILT_PRODUCTS_DIR)/TimeTable.app/TimeTable";
			};
			name = Debug;
		};
		49BABDE61A1FF60A00D900B7 /* Release */ = {
			isa = XCBuildConfiguration;
			buildSettings = {
				BUNDLE_LOADER = "$(TEST_HOST)";
				FRAMEWORK_SEARCH_PATHS = (
					"$(SDKROOT)/Developer/Library/Frameworks",
					"$(inherited)",
				);
				INFOPLIST_FILE = TimeTableTests/Info.plist;
				LD_RUNPATH_SEARCH_PATHS = "$(inherited) @executable_path/Frameworks @loader_path/Frameworks";
				PRODUCT_NAME = "$(TARGET_NAME)";
				TEST_HOST = "$(BUILT_PRODUCTS_DIR)/TimeTable.app/TimeTable";
			};
			name = Release;
		};
		49BABE0C1A1FF61D00D900B7 /* Debug */ = {
			isa = XCBuildConfiguration;
			buildSettings = {
				ASSETCATALOG_COMPILER_APPICON_NAME = AppIcon;
				ASSETCATALOG_COMPILER_LAUNCHIMAGE_NAME = LaunchImage;
				GCC_PREPROCESSOR_DEFINITIONS = (
					"DEBUG=1",
					"$(inherited)",
				);
				IBSC_MODULE = TimeTable_WatchKit_Extension;
				INFOPLIST_FILE = "TimeTable Watch App/Info.plist";
				PRODUCT_NAME = "$(TARGET_NAME)";
				SKIP_INSTALL = YES;
				TARGETED_DEVICE_FAMILY = 4;
				"TARGETED_DEVICE_FAMILY[sdk=iphonesimulator*]" = "1,4";
			};
			name = Debug;
		};
		49BABE0D1A1FF61D00D900B7 /* Release */ = {
			isa = XCBuildConfiguration;
			buildSettings = {
				ASSETCATALOG_COMPILER_APPICON_NAME = AppIcon;
				ASSETCATALOG_COMPILER_LAUNCHIMAGE_NAME = LaunchImage;
				IBSC_MODULE = TimeTable_WatchKit_Extension;
				INFOPLIST_FILE = "TimeTable Watch App/Info.plist";
				PRODUCT_NAME = "$(TARGET_NAME)";
				SKIP_INSTALL = YES;
				TARGETED_DEVICE_FAMILY = 4;
				"TARGETED_DEVICE_FAMILY[sdk=iphonesimulator*]" = "1,4";
			};
			name = Release;
		};
		49BABE0F1A1FF61D00D900B7 /* Debug */ = {
			isa = XCBuildConfiguration;
			buildSettings = {
				GCC_PREPROCESSOR_DEFINITIONS = (
					"DEBUG=1",
					"$(inherited)",
				);
				INFOPLIST_FILE = "TimeTable WatchKit Extension/Info.plist";
				LD_RUNPATH_SEARCH_PATHS = "$(inherited) @executable_path/Frameworks @executable_path/../../Frameworks";
				PRODUCT_NAME = "${TARGET_NAME}";
				SKIP_INSTALL = YES;
			};
			name = Debug;
		};
		49BABE101A1FF61D00D900B7 /* Release */ = {
			isa = XCBuildConfiguration;
			buildSettings = {
				INFOPLIST_FILE = "TimeTable WatchKit Extension/Info.plist";
				LD_RUNPATH_SEARCH_PATHS = "$(inherited) @executable_path/Frameworks @executable_path/../../Frameworks";
				PRODUCT_NAME = "${TARGET_NAME}";
				SKIP_INSTALL = YES;
			};
			name = Release;
		};
/* End XCBuildConfiguration section */

/* Begin XCConfigurationList section */
		49BABDBD1A1FF60A00D900B7 /* Build configuration list for PBXProject "TimeTable" */ = {
			isa = XCConfigurationList;
			buildConfigurations = (
				49BABDDF1A1FF60A00D900B7 /* Debug */,
				49BABDE01A1FF60A00D900B7 /* Release */,
			);
			defaultConfigurationIsVisible = 0;
			defaultConfigurationName = Release;
		};
		49BABDE11A1FF60A00D900B7 /* Build configuration list for PBXNativeTarget "TimeTable" */ = {
			isa = XCConfigurationList;
			buildConfigurations = (
				49BABDE21A1FF60A00D900B7 /* Debug */,
				49BABDE31A1FF60A00D900B7 /* Release */,
			);
			defaultConfigurationIsVisible = 0;
		};
		49BABDE41A1FF60A00D900B7 /* Build configuration list for PBXNativeTarget "TimeTableTests" */ = {
			isa = XCConfigurationList;
			buildConfigurations = (
				49BABDE51A1FF60A00D900B7 /* Debug */,
				49BABDE61A1FF60A00D900B7 /* Release */,
			);
			defaultConfigurationIsVisible = 0;
		};
		49BABE0B1A1FF61D00D900B7 /* Build configuration list for PBXNativeTarget "TimeTable Watch App" */ = {
			isa = XCConfigurationList;
			buildConfigurations = (
				49BABE0C1A1FF61D00D900B7 /* Debug */,
				49BABE0D1A1FF61D00D900B7 /* Release */,
			);
			defaultConfigurationIsVisible = 0;
		};
		49BABE0E1A1FF61D00D900B7 /* Build configuration list for PBXNativeTarget "TimeTable WatchKit Extension" */ = {
			isa = XCConfigurationList;
			buildConfigurations = (
				49BABE0F1A1FF61D00D900B7 /* Debug */,
				49BABE101A1FF61D00D900B7 /* Release */,
			);
			defaultConfigurationIsVisible = 0;
		};
/* End XCConfigurationList section */
	};
	rootObject = 49BABDBA1A1FF60A00D900B7 /* Project object */;
}
